
Microsoft Visual Studio Solution File, Format Version 12.00
# Visual Studio Version 17
VisualStudioVersion = 17.1.32210.238
MinimumVisualStudioVersion = 10.0.40219.1
Project("{FAE04EC0-301F-11D3-BF4B-00C04F79EFBC}") = "TaskTwoFinal", "TaskTwoFinal\TaskTwoFinal.csproj", "{A42960A5-8A4F-41DB-B01F-163E2F92A26D}"
EndProject
Global
	GlobalSection(SolutionConfigurationPlatforms) = preSolution
		Debug|Any CPU = Debug|Any CPU
		Release|Any CPU = Release|Any CPU
	EndGlobalSection
	GlobalSection(ProjectConfigurationPlatforms) = postSolution
		{A42960A5-8A4F-41DB-B01F-163E2F92A26D}.Debug|Any CPU.ActiveCfg = Debug|Any CPU
		{A42960A5-8A4F-41DB-B01F-163E2F92A26D}.Debug|Any CPU.Build.0 = Debug|Any CPU
		{A42960A5-8A4F-41DB-B01F-163E2F92A26D}.Release|Any CPU.ActiveCfg = Release|Any CPU
		{A42960A5-8A4F-41DB-B01F-163E2F92A26D}.Release|Any CPU.Build.0 = Release|Any CPU
	EndGlobalSection
	GlobalSection(SolutionProperties) = preSolution
		HideSolutionNode = FALSE
	EndGlobalSection
	GlobalSection(ExtensibilityGlobals) = postSolution
		SolutionGuid = {6AFF522D-EC80-4360-9A22-48396E8568AD}
	EndGlobalSection
EndGlobal
